// !$*UTF8*$!
{
	archiveVersion = 1;
	classes = {
	};
	objectVersion = 50;
	objects = {

/* Begin PBXBuildFile section */
		1D9DC8B126130F2000A3870B /* DevoteApp.swift in Sources */ = {isa = PBXBuildFile; fileRef = 1D9DC8B026130F2000A3870B /* DevoteApp.swift */; };
		1D9DC8B326130F2000A3870B /* ContentView.swift in Sources */ = {isa = PBXBuildFile; fileRef = 1D9DC8B226130F2000A3870B /* ContentView.swift */; };
		1D9DC8B526130F2200A3870B /* Assets.xcassets in Resources */ = {isa = PBXBuildFile; fileRef = 1D9DC8B426130F2200A3870B /* Assets.xcassets */; };
		1D9DC8B826130F2200A3870B /* Preview Assets.xcassets in Resources */ = {isa = PBXBuildFile; fileRef = 1D9DC8B726130F2200A3870B /* Preview Assets.xcassets */; };
		1D9DC8BA26130F2200A3870B /* Persistence.swift in Sources */ = {isa = PBXBuildFile; fileRef = 1D9DC8B926130F2200A3870B /* Persistence.swift */; };
		1D9DC8BD26130F2200A3870B /* Devote.xcdatamodeld in Sources */ = {isa = PBXBuildFile; fileRef = 1D9DC8BB26130F2200A3870B /* Devote.xcdatamodeld */; };
		1D9DC8C826130FB300A3870B /* sound-rise.mp3 in Resources */ = {isa = PBXBuildFile; fileRef = 1D9DC8C526130FB300A3870B /* sound-rise.mp3 */; };
		1D9DC8C926130FB300A3870B /* sound-tap.mp3 in Resources */ = {isa = PBXBuildFile; fileRef = 1D9DC8C626130FB300A3870B /* sound-tap.mp3 */; };
		1D9DC8CA26130FB300A3870B /* sound-ding.mp3 in Resources */ = {isa = PBXBuildFile; fileRef = 1D9DC8C726130FB300A3870B /* sound-ding.mp3 */; };
		1DADC941261338AD00AA2DC3 /* Constant.swift in Sources */ = {isa = PBXBuildFile; fileRef = 1DADC940261338AD00AA2DC3 /* Constant.swift */; };
/* End PBXBuildFile section */

/* Begin PBXFileReference section */
		1D9DC8AD26130F2000A3870B /* Devote.app */ = {isa = PBXFileReference; explicitFileType = wrapper.application; includeInIndex = 0; path = Devote.app; sourceTree = BUILT_PRODUCTS_DIR; };
		1D9DC8B026130F2000A3870B /* DevoteApp.swift */ = {isa = PBXFileReference; lastKnownFileType = sourcecode.swift; path = DevoteApp.swift; sourceTree = "<group>"; };
		1D9DC8B226130F2000A3870B /* ContentView.swift */ = {isa = PBXFileReference; lastKnownFileType = sourcecode.swift; path = ContentView.swift; sourceTree = "<group>"; };
		1D9DC8B426130F2200A3870B /* Assets.xcassets */ = {isa = PBXFileReference; lastKnownFileType = folder.assetcatalog; path = Assets.xcassets; sourceTree = "<group>"; };
		1D9DC8B726130F2200A3870B /* Preview Assets.xcassets */ = {isa = PBXFileReference; lastKnownFileType = folder.assetcatalog; path = "Preview Assets.xcassets"; sourceTree = "<group>"; };
		1D9DC8B926130F2200A3870B /* Persistence.swift */ = {isa = PBXFileReference; lastKnownFileType = sourcecode.swift; path = Persistence.swift; sourceTree = "<group>"; };
		1D9DC8BC26130F2200A3870B /* Devote.xcdatamodel */ = {isa = PBXFileReference; lastKnownFileType = wrapper.xcdatamodel; path = Devote.xcdatamodel; sourceTree = "<group>"; };
		1D9DC8BE26130F2200A3870B /* Info.plist */ = {isa = PBXFileReference; lastKnownFileType = text.plist.xml; path = Info.plist; sourceTree = "<group>"; };
		1D9DC8C526130FB300A3870B /* sound-rise.mp3 */ = {isa = PBXFileReference; lastKnownFileType = audio.mp3; path = "sound-rise.mp3"; sourceTree = "<group>"; };
		1D9DC8C626130FB300A3870B /* sound-tap.mp3 */ = {isa = PBXFileReference; lastKnownFileType = audio.mp3; path = "sound-tap.mp3"; sourceTree = "<group>"; };
		1D9DC8C726130FB300A3870B /* sound-ding.mp3 */ = {isa = PBXFileReference; lastKnownFileType = audio.mp3; path = "sound-ding.mp3"; sourceTree = "<group>"; };
		1DADC940261338AD00AA2DC3 /* Constant.swift */ = {isa = PBXFileReference; lastKnownFileType = sourcecode.swift; path = Constant.swift; sourceTree = "<group>"; };
/* End PBXFileReference section */

/* Begin PBXFrameworksBuildPhase section */
		1D9DC8AA26130F2000A3870B /* Frameworks */ = {
			isa = PBXFrameworksBuildPhase;
			buildActionMask = 2147483647;
			files = (
			);
			runOnlyForDeploymentPostprocessing = 0;
		};
/* End PBXFrameworksBuildPhase section */

/* Begin PBXGroup section */
		1D9DC8A426130F1F00A3870B = {
			isa = PBXGroup;
			children = (
				1D9DC8AF26130F2000A3870B /* Devote */,
				1D9DC8AE26130F2000A3870B /* Products */,
			);
			sourceTree = "<group>";
		};
		1D9DC8AE26130F2000A3870B /* Products */ = {
			isa = PBXGroup;
			children = (
				1D9DC8AD26130F2000A3870B /* Devote.app */,
			);
			name = Products;
			sourceTree = "<group>";
		};
		1D9DC8AF26130F2000A3870B /* Devote */ = {
			isa = PBXGroup;
			children = (
				1D9DC8B026130F2000A3870B /* DevoteApp.swift */,
				1D9DC8CD26130FEF00A3870B /* View */,
				1D9DC8D12613101600A3870B /* Model */,
				1D9DC8D02613100700A3870B /* Style */,
				1D9DC8CF26130FFD00A3870B /* Utility */,
				1D9DC8CE26130FF700A3870B /* Extension */,
				1D9DC8CC26130FCF00A3870B /* Sound */,
				1D9DC8B426130F2200A3870B /* Assets.xcassets */,
				1D9DC8BE26130F2200A3870B /* Info.plist */,
				1D9DC8B626130F2200A3870B /* Preview Content */,
			);
			path = Devote;
			sourceTree = "<group>";
		};
		1D9DC8B626130F2200A3870B /* Preview Content */ = {
			isa = PBXGroup;
			children = (
				1D9DC8B726130F2200A3870B /* Preview Assets.xcassets */,
			);
			path = "Preview Content";
			sourceTree = "<group>";
		};
		1D9DC8CC26130FCF00A3870B /* Sound */ = {
			isa = PBXGroup;
			children = (
				1D9DC8C726130FB300A3870B /* sound-ding.mp3 */,
				1D9DC8C526130FB300A3870B /* sound-rise.mp3 */,
				1D9DC8C626130FB300A3870B /* sound-tap.mp3 */,
			);
			name = Sound;
			sourceTree = "<group>";
		};
		1D9DC8CD26130FEF00A3870B /* View */ = {
			isa = PBXGroup;
			children = (
				1D9DC8B226130F2000A3870B /* ContentView.swift */,
			);
			path = View;
			sourceTree = "<group>";
		};
		1D9DC8CE26130FF700A3870B /* Extension */ = {
			isa = PBXGroup;
			children = (
			);
			path = Extension;
			sourceTree = "<group>";
		};
		1D9DC8CF26130FFD00A3870B /* Utility */ = {
			isa = PBXGroup;
			children = (
				1DADC940261338AD00AA2DC3 /* Constant.swift */,
			);
			path = Utility;
			sourceTree = "<group>";
		};
		1D9DC8D02613100700A3870B /* Style */ = {
			isa = PBXGroup;
			children = (
			);
			path = Style;
			sourceTree = "<group>";
		};
		1D9DC8D12613101600A3870B /* Model */ = {
			isa = PBXGroup;
			children = (
				1D9DC8B926130F2200A3870B /* Persistence.swift */,
				1D9DC8BB26130F2200A3870B /* Devote.xcdatamodeld */,
			);
			path = Model;
			sourceTree = "<group>";
		};
/* End PBXGroup section */

/* Begin PBXNativeTarget section */
		1D9DC8AC26130F2000A3870B /* Devote */ = {
			isa = PBXNativeTarget;
			buildConfigurationList = 1D9DC8C126130F2200A3870B /* Build configuration list for PBXNativeTarget "Devote" */;
			buildPhases = (
				1D9DC8A926130F2000A3870B /* Sources */,
				1D9DC8AA26130F2000A3870B /* Frameworks */,
				1D9DC8AB26130F2000A3870B /* Resources */,
			);
			buildRules = (
			);
			dependencies = (
			);
			name = Devote;
			productName = Devote;
			productReference = 1D9DC8AD26130F2000A3870B /* Devote.app */;
			productType = "com.apple.product-type.application";
		};
/* End PBXNativeTarget section */

/* Begin PBXProject section */
		1D9DC8A526130F2000A3870B /* Project object */ = {
			isa = PBXProject;
			attributes = {
				LastSwiftUpdateCheck = 1240;
				LastUpgradeCheck = 1240;
				TargetAttributes = {
					1D9DC8AC26130F2000A3870B = {
						CreatedOnToolsVersion = 12.4;
					};
				};
			};
			buildConfigurationList = 1D9DC8A826130F2000A3870B /* Build configuration list for PBXProject "Devote" */;
			compatibilityVersion = "Xcode 9.3";
			developmentRegion = en;
			hasScannedForEncodings = 0;
			knownRegions = (
				en,
				Base,
			);
			mainGroup = 1D9DC8A426130F1F00A3870B;
			productRefGroup = 1D9DC8AE26130F2000A3870B /* Products */;
			projectDirPath = "";
			projectRoot = "";
			targets = (
				1D9DC8AC26130F2000A3870B /* Devote */,
			);
		};
/* End PBXProject section */

/* Begin PBXResourcesBuildPhase section */
		1D9DC8AB26130F2000A3870B /* Resources */ = {
			isa = PBXResourcesBuildPhase;
			buildActionMask = 2147483647;
			files = (
				1D9DC8CA26130FB300A3870B /* sound-ding.mp3 in Resources */,
				1D9DC8C826130FB300A3870B /* sound-rise.mp3 in Resources */,
				1D9DC8B826130F2200A3870B /* Preview Assets.xcassets in Resources */,
				1D9DC8C926130FB300A3870B /* sound-tap.mp3 in Resources */,
				1D9DC8B526130F2200A3870B /* Assets.xcassets in Resources */,
			);
			runOnlyForDeploymentPostprocessing = 0;
		};
/* End PBXResourcesBuildPhase section */

/* Begin PBXSourcesBuildPhase section */
		1D9DC8A926130F2000A3870B /* Sources */ = {
			isa = PBXSourcesBuildPhase;
			buildActionMask = 2147483647;
			files = (
				1D9DC8BA26130F2200A3870B /* Persistence.swift in Sources */,
				1D9DC8B326130F2000A3870B /* ContentView.swift in Sources */,
				1DADC941261338AD00AA2DC3 /* Constant.swift in Sources */,
				1D9DC8BD26130F2200A3870B /* Devote.xcdatamodeld in Sources */,
				1D9DC8B126130F2000A3870B /* DevoteApp.swift in Sources */,
			);
			runOnlyForDeploymentPostprocessing = 0;
		};
/* End PBXSourcesBuildPhase section */

/* Begin XCBuildConfiguration section */
		1D9DC8BF26130F2200A3870B /* Debug */ = {
			isa = XCBuildConfiguration;
			buildSettings = {
				ALWAYS_SEARCH_USER_PATHS = NO;
				CLANG_ANALYZER_NONNULL = YES;
				CLANG_ANALYZER_NUMBER_OBJECT_CONVERSION = YES_AGGRESSIVE;
				CLANG_CXX_LANGUAGE_STANDARD = "gnu++14";
				CLANG_CXX_LIBRARY = "libc++";
				CLANG_ENABLE_MODULES = YES;
				CLANG_ENABLE_OBJC_ARC = YES;
				CLANG_ENABLE_OBJC_WEAK = YES;
				CLANG_WARN_BLOCK_CAPTURE_AUTORELEASING = YES;
				CLANG_WARN_BOOL_CONVERSION = YES;
				CLANG_WARN_COMMA = YES;
				CLANG_WARN_CONSTANT_CONVERSION = YES;
				CLANG_WARN_DEPRECATED_OBJC_IMPLEMENTATIONS = YES;
				CLANG_WARN_DIRECT_OBJC_ISA_USAGE = YES_ERROR;
				CLANG_WARN_DOCUMENTATION_COMMENTS = YES;
				CLANG_WARN_EMPTY_BODY = YES;
				CLANG_WARN_ENUM_CONVERSION = YES;
				CLANG_WARN_INFINITE_RECURSION = YES;
				CLANG_WARN_INT_CONVERSION = YES;
				CLANG_WARN_NON_LITERAL_NULL_CONVERSION = YES;
				CLANG_WARN_OBJC_IMPLICIT_RETAIN_SELF = YES;
				CLANG_WARN_OBJC_LITERAL_CONVERSION = YES;
				CLANG_WARN_OBJC_ROOT_CLASS = YES_ERROR;
				CLANG_WARN_QUOTED_INCLUDE_IN_FRAMEWORK_HEADER = YES;
				CLANG_WARN_RANGE_LOOP_ANALYSIS = YES;
				CLANG_WARN_STRICT_PROTOTYPES = YES;
				CLANG_WARN_SUSPICIOUS_MOVE = YES;
				CLANG_WARN_UNGUARDED_AVAILABILITY = YES_AGGRESSIVE;
				CLANG_WARN_UNREACHABLE_CODE = YES;
				CLANG_WARN__DUPLICATE_METHOD_MATCH = YES;
				COPY_PHASE_STRIP = NO;
				DEBUG_INFORMATION_FORMAT = dwarf;
				ENABLE_STRICT_OBJC_MSGSEND = YES;
				ENABLE_TESTABILITY = YES;
				GCC_C_LANGUAGE_STANDARD = gnu11;
				GCC_DYNAMIC_NO_PIC = NO;
				GCC_NO_COMMON_BLOCKS = YES;
				GCC_OPTIMIZATION_LEVEL = 0;
				GCC_PREPROCESSOR_DEFINITIONS = (
					"DEBUG=1",
					"$(inherited)",
				);
				GCC_WARN_64_TO_32_BIT_CONVERSION = YES;
				GCC_WARN_ABOUT_RETURN_TYPE = YES_ERROR;
				GCC_WARN_UNDECLARED_SELECTOR = YES;
				GCC_WARN_UNINITIALIZED_AUTOS = YES_AGGRESSIVE;
				GCC_WARN_UNUSED_FUNCTION = YES;
				GCC_WARN_UNUSED_VARIABLE = YES;
				IPHONEOS_DEPLOYMENT_TARGET = 14.4;
				MTL_ENABLE_DEBUG_INFO = INCLUDE_SOURCE;
				MTL_FAST_MATH = YES;
				ONLY_ACTIVE_ARCH = YES;
				SDKROOT = iphoneos;
				SWIFT_ACTIVE_COMPILATION_CONDITIONS = DEBUG;
				SWIFT_OPTIMIZATION_LEVEL = "-Onone";
			};
			name = Debug;
		};
		1D9DC8C026130F2200A3870B /* Release */ = {
			isa = XCBuildConfiguration;
			buildSettings = {
				ALWAYS_SEARCH_USER_PATHS = NO;
				CLANG_ANALYZER_NONNULL = YES;
				CLANG_ANALYZER_NUMBER_OBJECT_CONVERSION = YES_AGGRESSIVE;
				CLANG_CXX_LANGUAGE_STANDARD = "gnu++14";
				CLANG_CXX_LIBRARY = "libc++";
				CLANG_ENABLE_MODULES = YES;
				CLANG_ENABLE_OBJC_ARC = YES;
				CLANG_ENABLE_OBJC_WEAK = YES;
				CLANG_WARN_BLOCK_CAPTURE_AUTORELEASING = YES;
				CLANG_WARN_BOOL_CONVERSION = YES;
				CLANG_WARN_COMMA = YES;
				CLANG_WARN_CONSTANT_CONVERSION = YES;
				CLANG_WARN_DEPRECATED_OBJC_IMPLEMENTATIONS = YES;
				CLANG_WARN_DIRECT_OBJC_ISA_USAGE = YES_ERROR;
				CLANG_WARN_DOCUMENTATION_COMMENTS = YES;
				CLANG_WARN_EMPTY_BODY = YES;
				CLANG_WARN_ENUM_CONVERSION = YES;
				CLANG_WARN_INFINITE_RECURSION = YES;
				CLANG_WARN_INT_CONVERSION = YES;
				CLANG_WARN_NON_LITERAL_NULL_CONVERSION = YES;
				CLANG_WARN_OBJC_IMPLICIT_RETAIN_SELF = YES;
				CLANG_WARN_OBJC_LITERAL_CONVERSION = YES;
				CLANG_WARN_OBJC_ROOT_CLASS = YES_ERROR;
				CLANG_WARN_QUOTED_INCLUDE_IN_FRAMEWORK_HEADER = YES;
				CLANG_WARN_RANGE_LOOP_ANALYSIS = YES;
				CLANG_WARN_STRICT_PROTOTYPES = YES;
				CLANG_WARN_SUSPICIOUS_MOVE = YES;
				CLANG_WARN_UNGUARDED_AVAILABILITY = YES_AGGRESSIVE;
				CLANG_WARN_UNREACHABLE_CODE = YES;
				CLANG_WARN__DUPLICATE_METHOD_MATCH = YES;
				COPY_PHASE_STRIP = NO;
				DEBUG_INFORMATION_FORMAT = "dwarf-with-dsym";
				ENABLE_NS_ASSERTIONS = NO;
				ENABLE_STRICT_OBJC_MSGSEND = YES;
				GCC_C_LANGUAGE_STANDARD = gnu11;
				GCC_NO_COMMON_BLOCKS = YES;
				GCC_WARN_64_TO_32_BIT_CONVERSION = YES;
				GCC_WARN_ABOUT_RETURN_TYPE = YES_ERROR;
				GCC_WARN_UNDECLARED_SELECTOR = YES;
				GCC_WARN_UNINITIALIZED_AUTOS = YES_AGGRESSIVE;
				GCC_WARN_UNUSED_FUNCTION = YES;
				GCC_WARN_UNUSED_VARIABLE = YES;
				IPHONEOS_DEPLOYMENT_TARGET = 14.4;
				MTL_ENABLE_DEBUG_INFO = NO;
				MTL_FAST_MATH = YES;
				SDKROOT = iphoneos;
				SWIFT_COMPILATION_MODE = wholemodule;
				SWIFT_OPTIMIZATION_LEVEL = "-O";
				VALIDATE_PRODUCT = YES;
			};
			name = Release;
		};
		1D9DC8C226130F2200A3870B /* Debug */ = {
			isa = XCBuildConfiguration;
			buildSettings = {
				ASSETCATALOG_COMPILER_APPICON_NAME = AppIcon;
				ASSETCATALOG_COMPILER_GLOBAL_ACCENT_COLOR_NAME = AccentColor;
				CODE_SIGN_STYLE = Automatic;
				DEVELOPMENT_ASSET_PATHS = "\"Devote/Preview Content\"";
				DEVELOPMENT_TEAM = 5HZQ3M82FA;
				ENABLE_PREVIEWS = YES;
				INFOPLIST_FILE = Devote/Info.plist;
				IPHONEOS_DEPLOYMENT_TARGET = 14.0;
				LD_RUNPATH_SEARCH_PATHS = (
					"$(inherited)",
					"@executable_path/Frameworks",
				);
				PRODUCT_BUNDLE_IDENTIFIER = Seunghun.Devote;
				PRODUCT_NAME = "$(TARGET_NAME)";
				SWIFT_VERSION = 5.0;
				TARGETED_DEVICE_FAMILY = "1,2";
			};
			name = Debug;
		};
		1D9DC8C326130F2200A3870B /* Release */ = {
			isa = XCBuildConfiguration;
			buildSettings = {
				ASSETCATALOG_COMPILER_APPICON_NAME = AppIcon;
				ASSETCATALOG_COMPILER_GLOBAL_ACCENT_COLOR_NAME = AccentColor;
				CODE_SIGN_STYLE = Automatic;
				DEVELOPMENT_ASSET_PATHS = "\"Devote/Preview Content\"";
				DEVELOPMENT_TEAM = 5HZQ3M82FA;
				ENABLE_PREVIEWS = YES;
				INFOPLIST_FILE = Devote/Info.plist;
				IPHONEOS_DEPLOYMENT_TARGET = 14.0;
				LD_RUNPATH_SEARCH_PATHS = (
					"$(inherited)",
					"@executable_path/Frameworks",
				);
				PRODUCT_BUNDLE_IDENTIFIER = Seunghun.Devote;
				PRODUCT_NAME = "$(TARGET_NAME)";
				SWIFT_VERSION = 5.0;
				TARGETED_DEVICE_FAMILY = "1,2";
			};
			name = Release;
		};
/* End XCBuildConfiguration section */

/* Begin XCConfigurationList section */
		1D9DC8A826130F2000A3870B /* Build configuration list for PBXProject "Devote" */ = {
			isa = XCConfigurationList;
			buildConfigurations = (
				1D9DC8BF26130F2200A3870B /* Debug */,
				1D9DC8C026130F2200A3870B /* Release */,
			);
			defaultConfigurationIsVisible = 0;
			defaultConfigurationName = Release;
		};
		1D9DC8C126130F2200A3870B /* Build configuration list for PBXNativeTarget "Devote" */ = {
			isa = XCConfigurationList;
			buildConfigurations = (
				1D9DC8C226130F2200A3870B /* Debug */,
				1D9DC8C326130F2200A3870B /* Release */,
			);
			defaultConfigurationIsVisible = 0;
			defaultConfigurationName = Release;
		};
/* End XCConfigurationList section */

/* Begin XCVersionGroup section */
		1D9DC8BB26130F2200A3870B /* Devote.xcdatamodeld */ = {
			isa = XCVersionGroup;
			children = (
				1D9DC8BC26130F2200A3870B /* Devote.xcdatamodel */,
			);
			currentVersion = 1D9DC8BC26130F2200A3870B /* Devote.xcdatamodel */;
			path = Devote.xcdatamodeld;
			sourceTree = "<group>";
			versionGroupType = wrapper.xcdatamodel;
		};
/* End XCVersionGroup section */
	};
	rootObject = 1D9DC8A526130F2000A3870B /* Project object */;
}
